
Microsoft Visual Studio Solution File, Format Version 12.00
# Visual Studio Version 17
VisualStudioVersion = 17.2.32602.215
MinimumVisualStudioVersion = 10.0.40219.1
Project("{9A19103F-16F7-4668-BE54-9A1E7A4F7556}") = "iQScript-Configurator", "iQScript-Configurator\iQScript-Configurator.csproj", "{62B45FF1-126B-4C9A-AB69-26D65CEE7B79}"
EndProject
Project("{FAE04EC0-301F-11D3-BF4B-00C04F79EFBC}") = "iQScriptNotifier", "iQScriptNotifier\iQScriptNotifier.csproj", "{4BDD6B8F-1879-45D0-B263-E20DDF5F4217}"
EndProject
Global
	GlobalSection(SolutionConfigurationPlatforms) = preSolution
		Debug|Any CPU = Debug|Any CPU
		Release|Any CPU = Release|Any CPU
	EndGlobalSection
	GlobalSection(ProjectConfigurationPlatforms) = postSolution
		{62B45FF1-126B-4C9A-AB69-26D65CEE7B79}.Debug|Any CPU.ActiveCfg = Debug|Any CPU
		{62B45FF1-126B-4C9A-AB69-26D65CEE7B79}.Debug|Any CPU.Build.0 = Debug|Any CPU
		{62B45FF1-126B-4C9A-AB69-26D65CEE7B79}.Release|Any CPU.ActiveCfg = Release|Any CPU
		{62B45FF1-126B-4C9A-AB69-26D65CEE7B79}.Release|Any CPU.Build.0 = Release|Any CPU
		{4BDD6B8F-1879-45D0-B263-E20DDF5F4217}.Debug|Any CPU.ActiveCfg = Debug|Any CPU
		{4BDD6B8F-1879-45D0-B263-E20DDF5F4217}.Debug|Any CPU.Build.0 = Debug|Any CPU
		{4BDD6B8F-1879-45D0-B263-E20DDF5F4217}.Release|Any CPU.ActiveCfg = Release|Any CPU
		{4BDD6B8F-1879-45D0-B263-E20DDF5F4217}.Release|Any CPU.Build.0 = Release|Any CPU
	EndGlobalSection
	GlobalSection(SolutionProperties) = preSolution
		HideSolutionNode = FALSE
	EndGlobalSection
	GlobalSection(ExtensibilityGlobals) = postSolution
		SolutionGuid = {DD19A6F8-630D-41F7-9DF7-7273D4EC60F2}
	EndGlobalSection
EndGlobal
